// !$*UTF8*$!
{
	archiveVersion = 1;
	classes = {
	};
	objectVersion = 56;
	objects = {

/* Begin PBXBuildFile section */
		031C90082AAA9BE30017C387 /* AlbumsCollectionViewCell.swift in Sources */ = {isa = PBXBuildFile; fileRef = 031C90062AAA9BE30017C387 /* AlbumsCollectionViewCell.swift */; };
		031C90092AAA9BE30017C387 /* AlbumCollectionViewCell.xib in Resources */ = {isa = PBXBuildFile; fileRef = 031C90072AAA9BE30017C387 /* AlbumCollectionViewCell.xib */; };
		031C900B2AAA9F5F0017C387 /* Album.swift in Sources */ = {isa = PBXBuildFile; fileRef = 031C900A2AAA9F5F0017C387 /* Album.swift */; };
		031C900D2AAAA1F90017C387 /* HomeViewModel.swift in Sources */ = {isa = PBXBuildFile; fileRef = 031C900C2AAAA1F90017C387 /* HomeViewModel.swift */; };
		031F26392AAA86F3008EA1BD /* UserRepo.swift in Sources */ = {isa = PBXBuildFile; fileRef = 031F26382AAA86F3008EA1BD /* UserRepo.swift */; };
		031F263C2AAA89ED008EA1BD /* ApiConstants.swift in Sources */ = {isa = PBXBuildFile; fileRef = 031F263B2AAA89ED008EA1BD /* ApiConstants.swift */; };
		031F26402AAA8EBA008EA1BD /* AlbumViewController.swift in Sources */ = {isa = PBXBuildFile; fileRef = 031F263F2AAA8EBA008EA1BD /* AlbumViewController.swift */; };
		03208EDC2AAA994A003F5800 /* HomeViewController.swift in Sources */ = {isa = PBXBuildFile; fileRef = 03208EDA2AAA994A003F5800 /* HomeViewController.swift */; };
		03296C252AACAC240069D802 /* PhotoCollectionViewCell.swift in Sources */ = {isa = PBXBuildFile; fileRef = 03296C232AACAC240069D802 /* PhotoCollectionViewCell.swift */; };
		03296C262AACAC240069D802 /* PhotoCollectionViewCell.xib in Resources */ = {isa = PBXBuildFile; fileRef = 03296C242AACAC240069D802 /* PhotoCollectionViewCell.xib */; };
		034D28312AAA6A730066F474 /* AppDelegate.swift in Sources */ = {isa = PBXBuildFile; fileRef = 034D28302AAA6A730066F474 /* AppDelegate.swift */; };
		034D28332AAA6A730066F474 /* SceneDelegate.swift in Sources */ = {isa = PBXBuildFile; fileRef = 034D28322AAA6A730066F474 /* SceneDelegate.swift */; };
		034D28382AAA6A730066F474 /* Main.storyboard in Resources */ = {isa = PBXBuildFile; fileRef = 034D28362AAA6A730066F474 /* Main.storyboard */; };
		034D283A2AAA6A750066F474 /* Assets.xcassets in Resources */ = {isa = PBXBuildFile; fileRef = 034D28392AAA6A750066F474 /* Assets.xcassets */; };
		034D283D2AAA6A750066F474 /* LaunchScreen.storyboard in Resources */ = {isa = PBXBuildFile; fileRef = 034D283B2AAA6A750066F474 /* LaunchScreen.storyboard */; };
		034D28462AAA736E0066F474 /* UserContent.swift in Sources */ = {isa = PBXBuildFile; fileRef = 034D28452AAA736E0066F474 /* UserContent.swift */; };
		034D285B2AAA7C940066F474 /* UserNetworkService.swift in Sources */ = {isa = PBXBuildFile; fileRef = 034D285A2AAA7C940066F474 /* UserNetworkService.swift */; };
		037B99B22AAB48AE00A8AE1A /* AlbumViewModel.swift in Sources */ = {isa = PBXBuildFile; fileRef = 037B99B12AAB48AE00A8AE1A /* AlbumViewModel.swift */; };
		037B99BC2AAB7A7000A8AE1A /* BaseViewModel.swift in Sources */ = {isa = PBXBuildFile; fileRef = 037B99BB2AAB7A7000A8AE1A /* BaseViewModel.swift */; };
		037B99BE2AAB86A300A8AE1A /* Photo.swift in Sources */ = {isa = PBXBuildFile; fileRef = 037B99BD2AAB86A300A8AE1A /* Photo.swift */; };
		B62DE9F42AAB9943003941B3 /* UserService.swift in Sources */ = {isa = PBXBuildFile; fileRef = B62DE9F32AAB9943003941B3 /* UserService.swift */; };
		D508CE01CE1DA0639E2E4628 /* Pods_BostaTask.framework in Frameworks */ = {isa = PBXBuildFile; fileRef = 08EA7FAFC1321DC0AC08029B /* Pods_BostaTask.framework */; };
/* End PBXBuildFile section */

/* Begin PBXFileReference section */
		031C90062AAA9BE30017C387 /* AlbumsCollectionViewCell.swift */ = {isa = PBXFileReference; lastKnownFileType = sourcecode.swift; path = AlbumsCollectionViewCell.swift; sourceTree = "<group>"; };
		031C90072AAA9BE30017C387 /* AlbumCollectionViewCell.xib */ = {isa = PBXFileReference; lastKnownFileType = file.xib; path = AlbumCollectionViewCell.xib; sourceTree = "<group>"; };
		031C900A2AAA9F5F0017C387 /* Album.swift */ = {isa = PBXFileReference; lastKnownFileType = sourcecode.swift; path = Album.swift; sourceTree = "<group>"; };
		031C900C2AAAA1F90017C387 /* HomeViewModel.swift */ = {isa = PBXFileReference; lastKnownFileType = sourcecode.swift; path = HomeViewModel.swift; sourceTree = "<group>"; };
		031F26382AAA86F3008EA1BD /* UserRepo.swift */ = {isa = PBXFileReference; lastKnownFileType = sourcecode.swift; path = UserRepo.swift; sourceTree = "<group>"; };
		031F263B2AAA89ED008EA1BD /* ApiConstants.swift */ = {isa = PBXFileReference; lastKnownFileType = sourcecode.swift; path = ApiConstants.swift; sourceTree = "<group>"; };
		031F263F2AAA8EBA008EA1BD /* AlbumViewController.swift */ = {isa = PBXFileReference; lastKnownFileType = sourcecode.swift; path = AlbumViewController.swift; sourceTree = "<group>"; };
		03208EDA2AAA994A003F5800 /* HomeViewController.swift */ = {isa = PBXFileReference; lastKnownFileType = sourcecode.swift; path = HomeViewController.swift; sourceTree = "<group>"; };
		03296C232AACAC240069D802 /* PhotoCollectionViewCell.swift */ = {isa = PBXFileReference; lastKnownFileType = sourcecode.swift; path = PhotoCollectionViewCell.swift; sourceTree = "<group>"; };
		03296C242AACAC240069D802 /* PhotoCollectionViewCell.xib */ = {isa = PBXFileReference; lastKnownFileType = file.xib; path = PhotoCollectionViewCell.xib; sourceTree = "<group>"; };
		034D282D2AAA6A730066F474 /* BostaTask.app */ = {isa = PBXFileReference; explicitFileType = wrapper.application; includeInIndex = 0; path = BostaTask.app; sourceTree = BUILT_PRODUCTS_DIR; };
		034D28302AAA6A730066F474 /* AppDelegate.swift */ = {isa = PBXFileReference; lastKnownFileType = sourcecode.swift; path = AppDelegate.swift; sourceTree = "<group>"; };
		034D28322AAA6A730066F474 /* SceneDelegate.swift */ = {isa = PBXFileReference; lastKnownFileType = sourcecode.swift; path = SceneDelegate.swift; sourceTree = "<group>"; };
		034D28372AAA6A730066F474 /* Base */ = {isa = PBXFileReference; lastKnownFileType = file.storyboard; name = Base; path = Base.lproj/Main.storyboard; sourceTree = "<group>"; };
		034D28392AAA6A750066F474 /* Assets.xcassets */ = {isa = PBXFileReference; lastKnownFileType = folder.assetcatalog; path = Assets.xcassets; sourceTree = "<group>"; };
		034D283C2AAA6A750066F474 /* Base */ = {isa = PBXFileReference; lastKnownFileType = file.storyboard; name = Base; path = Base.lproj/LaunchScreen.storyboard; sourceTree = "<group>"; };
		034D283E2AAA6A750066F474 /* Info.plist */ = {isa = PBXFileReference; lastKnownFileType = text.plist.xml; path = Info.plist; sourceTree = "<group>"; };
		034D28452AAA736E0066F474 /* UserContent.swift */ = {isa = PBXFileReference; lastKnownFileType = sourcecode.swift; path = UserContent.swift; sourceTree = "<group>"; };
		034D285A2AAA7C940066F474 /* UserNetworkService.swift */ = {isa = PBXFileReference; lastKnownFileType = sourcecode.swift; path = UserNetworkService.swift; sourceTree = "<group>"; };
		037B99B12AAB48AE00A8AE1A /* AlbumViewModel.swift */ = {isa = PBXFileReference; lastKnownFileType = sourcecode.swift; path = AlbumViewModel.swift; sourceTree = "<group>"; };
		037B99BB2AAB7A7000A8AE1A /* BaseViewModel.swift */ = {isa = PBXFileReference; lastKnownFileType = sourcecode.swift; path = BaseViewModel.swift; sourceTree = "<group>"; };
		037B99BD2AAB86A300A8AE1A /* Photo.swift */ = {isa = PBXFileReference; lastKnownFileType = sourcecode.swift; path = Photo.swift; sourceTree = "<group>"; };
		08EA7FAFC1321DC0AC08029B /* Pods_BostaTask.framework */ = {isa = PBXFileReference; explicitFileType = wrapper.framework; includeInIndex = 0; path = Pods_BostaTask.framework; sourceTree = BUILT_PRODUCTS_DIR; };
		56956A29352A26B907D3B981 /* Pods-BostaTask.debug.xcconfig */ = {isa = PBXFileReference; includeInIndex = 1; lastKnownFileType = text.xcconfig; name = "Pods-BostaTask.debug.xcconfig"; path = "Target Support Files/Pods-BostaTask/Pods-BostaTask.debug.xcconfig"; sourceTree = "<group>"; };
		B62DE9F32AAB9943003941B3 /* UserService.swift */ = {isa = PBXFileReference; lastKnownFileType = sourcecode.swift; path = UserService.swift; sourceTree = "<group>"; };
		F2FBE1E91A42077E1E19154B /* Pods-BostaTask.release.xcconfig */ = {isa = PBXFileReference; includeInIndex = 1; lastKnownFileType = text.xcconfig; name = "Pods-BostaTask.release.xcconfig"; path = "Target Support Files/Pods-BostaTask/Pods-BostaTask.release.xcconfig"; sourceTree = "<group>"; };
/* End PBXFileReference section */

/* Begin PBXFrameworksBuildPhase section */
		034D282A2AAA6A730066F474 /* Frameworks */ = {
			isa = PBXFrameworksBuildPhase;
			buildActionMask = 2147483647;
			files = (
				D508CE01CE1DA0639E2E4628 /* Pods_BostaTask.framework in Frameworks */,
			);
			runOnlyForDeploymentPostprocessing = 0;
		};
/* End PBXFrameworksBuildPhase section */

/* Begin PBXGroup section */
		031F263A2AAA89D5008EA1BD /* Helper */ = {
			isa = PBXGroup;
			children = (
				031F263B2AAA89ED008EA1BD /* ApiConstants.swift */,
			);
			path = Helper;
			sourceTree = "<group>";
		};
		034D28242AAA6A730066F474 = {
			isa = PBXGroup;
			children = (
				034D282F2AAA6A730066F474 /* BostaTask */,
				034D282E2AAA6A730066F474 /* Products */,
				8D1C1587D7003D06C68C1037 /* Pods */,
				4A6F69FED4206A126CB9952E /* Frameworks */,
			);
			sourceTree = "<group>";
		};
		034D282E2AAA6A730066F474 /* Products */ = {
			isa = PBXGroup;
			children = (
				034D282D2AAA6A730066F474 /* BostaTask.app */,
			);
			name = Products;
			sourceTree = "<group>";
		};
		034D282F2AAA6A730066F474 /* BostaTask */ = {
			isa = PBXGroup;
			children = (
				034D28572AAA7B180066F474 /* Common */,
				034D284F2AAA793E0066F474 /* Features */,
				034D28302AAA6A730066F474 /* AppDelegate.swift */,
				034D28322AAA6A730066F474 /* SceneDelegate.swift */,
				034D28392AAA6A750066F474 /* Assets.xcassets */,
				034D283B2AAA6A750066F474 /* LaunchScreen.storyboard */,
				034D28362AAA6A730066F474 /* Main.storyboard */,
				034D283E2AAA6A750066F474 /* Info.plist */,
			);
			path = BostaTask;
			sourceTree = "<group>";
		};
		034D284A2AAA76670066F474 /* Network */ = {
			isa = PBXGroup;
			children = (
				034D28582AAA7B200066F474 /* Service */,
			);
			path = Network;
			sourceTree = "<group>";
		};
		034D284C2AAA77790066F474 /* ViewModel */ = {
			isa = PBXGroup;
			children = (
				037B99B12AAB48AE00A8AE1A /* AlbumViewModel.swift */,
			);
			path = ViewModel;
			sourceTree = "<group>";
		};
		034D284D2AAA77B00066F474 /* View */ = {
			isa = PBXGroup;
			children = (
				031F263F2AAA8EBA008EA1BD /* AlbumViewController.swift */,
				03296C232AACAC240069D802 /* PhotoCollectionViewCell.swift */,
				03296C242AACAC240069D802 /* PhotoCollectionViewCell.xib */,
			);
			path = View;
			sourceTree = "<group>";
		};
		034D284F2AAA793E0066F474 /* Features */ = {
			isa = PBXGroup;
			children = (
				034D28532AAA79E00066F474 /* Album */,
				034D28502AAA794E0066F474 /* Home */,
			);
			path = Features;
			sourceTree = "<group>";
		};
		034D28502AAA794E0066F474 /* Home */ = {
			isa = PBXGroup;
			children = (
				034D28552AAA7A1A0066F474 /* View */,
				034D28542AAA79F60066F474 /* ViewModel */,
			);
			path = Home;
			sourceTree = "<group>";
		};
		034D28532AAA79E00066F474 /* Album */ = {
			isa = PBXGroup;
			children = (
				034D284C2AAA77790066F474 /* ViewModel */,
				034D284D2AAA77B00066F474 /* View */,
			);
			path = Album;
			sourceTree = "<group>";
		};
		034D28542AAA79F60066F474 /* ViewModel */ = {
			isa = PBXGroup;
			children = (
				031C900C2AAAA1F90017C387 /* HomeViewModel.swift */,
			);
			path = ViewModel;
			sourceTree = "<group>";
		};
		034D28552AAA7A1A0066F474 /* View */ = {
			isa = PBXGroup;
			children = (
				03208EDA2AAA994A003F5800 /* HomeViewController.swift */,
				031C90062AAA9BE30017C387 /* AlbumsCollectionViewCell.swift */,
				031C90072AAA9BE30017C387 /* AlbumCollectionViewCell.xib */,
			);
			path = View;
			sourceTree = "<group>";
		};
		034D28572AAA7B180066F474 /* Common */ = {
			isa = PBXGroup;
			children = (
				B62DE9F52AABB99F003941B3 /* Repository */,
				034D284A2AAA76670066F474 /* Network */,
				037B99BA2AAB7A3E00A8AE1A /* ViewModel */,
				031F263A2AAA89D5008EA1BD /* Helper */,
				034D28592AAA7B310066F474 /* Model */,
			);
			path = Common;
			sourceTree = "<group>";
		};
		034D28582AAA7B200066F474 /* Service */ = {
			isa = PBXGroup;
			children = (
				034D285A2AAA7C940066F474 /* UserNetworkService.swift */,
				B62DE9F32AAB9943003941B3 /* UserService.swift */,
			);
			path = Service;
			sourceTree = "<group>";
		};
		034D28592AAA7B310066F474 /* Model */ = {
			isa = PBXGroup;
			children = (
				034D28452AAA736E0066F474 /* UserContent.swift */,
				031C900A2AAA9F5F0017C387 /* Album.swift */,
				037B99BD2AAB86A300A8AE1A /* Photo.swift */,
			);
			path = Model;
			sourceTree = "<group>";
		};
		037B99BA2AAB7A3E00A8AE1A /* ViewModel */ = {
			isa = PBXGroup;
			children = (
				037B99BB2AAB7A7000A8AE1A /* BaseViewModel.swift */,
			);
			path = ViewModel;
			sourceTree = "<group>";
		};
		4A6F69FED4206A126CB9952E /* Frameworks */ = {
			isa = PBXGroup;
			children = (
				08EA7FAFC1321DC0AC08029B /* Pods_BostaTask.framework */,
			);
			name = Frameworks;
			sourceTree = "<group>";
		};
		8D1C1587D7003D06C68C1037 /* Pods */ = {
			isa = PBXGroup;
			children = (
				56956A29352A26B907D3B981 /* Pods-BostaTask.debug.xcconfig */,
				F2FBE1E91A42077E1E19154B /* Pods-BostaTask.release.xcconfig */,
			);
			path = Pods;
			sourceTree = "<group>";
		};
		B62DE9F52AABB99F003941B3 /* Repository */ = {
			isa = PBXGroup;
			children = (
				031F26382AAA86F3008EA1BD /* UserRepo.swift */,
			);
			path = Repository;
			sourceTree = "<group>";
		};
/* End PBXGroup section */

/* Begin PBXNativeTarget section */
		034D282C2AAA6A730066F474 /* BostaTask */ = {
			isa = PBXNativeTarget;
			buildConfigurationList = 034D28412AAA6A750066F474 /* Build configuration list for PBXNativeTarget "BostaTask" */;
			buildPhases = (
				E062562298DD7362388B5652 /* [CP] Check Pods Manifest.lock */,
				034D28292AAA6A730066F474 /* Sources */,
				034D282A2AAA6A730066F474 /* Frameworks */,
				034D282B2AAA6A730066F474 /* Resources */,
				F298EB1B313E1962BD4E406C /* [CP] Embed Pods Frameworks */,
			);
			buildRules = (
			);
			dependencies = (
			);
			name = BostaTask;
			productName = BostaTask;
			productReference = 034D282D2AAA6A730066F474 /* BostaTask.app */;
			productType = "com.apple.product-type.application";
		};
/* End PBXNativeTarget section */

/* Begin PBXProject section */
		034D28252AAA6A730066F474 /* Project object */ = {
			isa = PBXProject;
			attributes = {
				BuildIndependentTargetsInParallel = 1;
				LastSwiftUpdateCheck = 1420;
				LastUpgradeCheck = 1420;
				TargetAttributes = {
					034D282C2AAA6A730066F474 = {
						CreatedOnToolsVersion = 14.2;
					};
				};
			};
			buildConfigurationList = 034D28282AAA6A730066F474 /* Build configuration list for PBXProject "BostaTask" */;
			compatibilityVersion = "Xcode 14.0";
			developmentRegion = en;
			hasScannedForEncodings = 0;
			knownRegions = (
				en,
				Base,
			);
			mainGroup = 034D28242AAA6A730066F474;
			productRefGroup = 034D282E2AAA6A730066F474 /* Products */;
			projectDirPath = "";
			projectRoot = "";
			targets = (
				034D282C2AAA6A730066F474 /* BostaTask */,
			);
		};
/* End PBXProject section */

/* Begin PBXResourcesBuildPhase section */
		034D282B2AAA6A730066F474 /* Resources */ = {
			isa = PBXResourcesBuildPhase;
			buildActionMask = 2147483647;
			files = (
				031C90092AAA9BE30017C387 /* AlbumCollectionViewCell.xib in Resources */,
				03296C262AACAC240069D802 /* PhotoCollectionViewCell.xib in Resources */,
				034D283D2AAA6A750066F474 /* LaunchScreen.storyboard in Resources */,
				034D283A2AAA6A750066F474 /* Assets.xcassets in Resources */,
				034D28382AAA6A730066F474 /* Main.storyboard in Resources */,
			);
			runOnlyForDeploymentPostprocessing = 0;
		};
/* End PBXResourcesBuildPhase section */

/* Begin PBXShellScriptBuildPhase section */
		E062562298DD7362388B5652 /* [CP] Check Pods Manifest.lock */ = {
			isa = PBXShellScriptBuildPhase;
			buildActionMask = 2147483647;
			files = (
			);
			inputFileListPaths = (
			);
			inputPaths = (
				"${PODS_PODFILE_DIR_PATH}/Podfile.lock",
				"${PODS_ROOT}/Manifest.lock",
			);
			name = "[CP] Check Pods Manifest.lock";
			outputFileListPaths = (
			);
			outputPaths = (
				"$(DERIVED_FILE_DIR)/Pods-BostaTask-checkManifestLockResult.txt",
			);
			runOnlyForDeploymentPostprocessing = 0;
			shellPath = /bin/sh;
			shellScript = "diff \"${PODS_PODFILE_DIR_PATH}/Podfile.lock\" \"${PODS_ROOT}/Manifest.lock\" > /dev/null\nif [ $? != 0 ] ; then\n    # print error to STDERR\n    echo \"error: The sandbox is not in sync with the Podfile.lock. Run 'pod install' or update your CocoaPods installation.\" >&2\n    exit 1\nfi\n# This output is used by Xcode 'outputs' to avoid re-running this script phase.\necho \"SUCCESS\" > \"${SCRIPT_OUTPUT_FILE_0}\"\n";
			showEnvVarsInLog = 0;
		};
		F298EB1B313E1962BD4E406C /* [CP] Embed Pods Frameworks */ = {
			isa = PBXShellScriptBuildPhase;
			buildActionMask = 2147483647;
			files = (
			);
			inputFileListPaths = (
				"${PODS_ROOT}/Target Support Files/Pods-BostaTask/Pods-BostaTask-frameworks-${CONFIGURATION}-input-files.xcfilelist",
			);
			name = "[CP] Embed Pods Frameworks";
			outputFileListPaths = (
				"${PODS_ROOT}/Target Support Files/Pods-BostaTask/Pods-BostaTask-frameworks-${CONFIGURATION}-output-files.xcfilelist",
			);
			runOnlyForDeploymentPostprocessing = 0;
			shellPath = /bin/sh;
			shellScript = "\"${PODS_ROOT}/Target Support Files/Pods-BostaTask/Pods-BostaTask-frameworks.sh\"\n";
			showEnvVarsInLog = 0;
		};
/* End PBXShellScriptBuildPhase section */

/* Begin PBXSourcesBuildPhase section */
		034D28292AAA6A730066F474 /* Sources */ = {
			isa = PBXSourcesBuildPhase;
			buildActionMask = 2147483647;
			files = (
				037B99B22AAB48AE00A8AE1A /* AlbumViewModel.swift in Sources */,
				031C90082AAA9BE30017C387 /* AlbumsCollectionViewCell.swift in Sources */,
				031C900D2AAAA1F90017C387 /* HomeViewModel.swift in Sources */,
				037B99BE2AAB86A300A8AE1A /* Photo.swift in Sources */,
				03208EDC2AAA994A003F5800 /* HomeViewController.swift in Sources */,
				031F263C2AAA89ED008EA1BD /* ApiConstants.swift in Sources */,
				034D285B2AAA7C940066F474 /* UserNetworkService.swift in Sources */,
				034D28312AAA6A730066F474 /* AppDelegate.swift in Sources */,
				031C900B2AAA9F5F0017C387 /* Album.swift in Sources */,
				03296C252AACAC240069D802 /* PhotoCollectionViewCell.swift in Sources */,
				031F26392AAA86F3008EA1BD /* UserRepo.swift in Sources */,
				031F26402AAA8EBA008EA1BD /* AlbumViewController.swift in Sources */,
				037B99BC2AAB7A7000A8AE1A /* BaseViewModel.swift in Sources */,
				034D28462AAA736E0066F474 /* UserContent.swift in Sources */,
				B62DE9F42AAB9943003941B3 /* UserService.swift in Sources */,
				034D28332AAA6A730066F474 /* SceneDelegate.swift in Sources */,
			);
			runOnlyForDeploymentPostprocessing = 0;
		};
/* End PBXSourcesBuildPhase section */

/* Begin PBXVariantGroup section */
		034D28362AAA6A730066F474 /* Main.storyboard */ = {
			isa = PBXVariantGroup;
			children = (
				034D28372AAA6A730066F474 /* Base */,
			);
			name = Main.storyboard;
			sourceTree = "<group>";
		};
		034D283B2AAA6A750066F474 /* LaunchScreen.storyboard */ = {
			isa = PBXVariantGroup;
			children = (
				034D283C2AAA6A750066F474 /* Base */,
			);
			name = LaunchScreen.storyboard;
			sourceTree = "<group>";
		};
/* End PBXVariantGroup section */

/* Begin XCBuildConfiguration section */
		034D283F2AAA6A750066F474 /* Debug */ = {
			isa = XCBuildConfiguration;
			buildSettings = {
				ALWAYS_SEARCH_USER_PATHS = NO;
				CLANG_ANALYZER_NONNULL = YES;
				CLANG_ANALYZER_NUMBER_OBJECT_CONVERSION = YES_AGGRESSIVE;
				CLANG_CXX_LANGUAGE_STANDARD = "gnu++20";
				CLANG_ENABLE_MODULES = YES;
				CLANG_ENABLE_OBJC_ARC = YES;
				CLANG_ENABLE_OBJC_WEAK = YES;
				CLANG_WARN_BLOCK_CAPTURE_AUTORELEASING = YES;
				CLANG_WARN_BOOL_CONVERSION = YES;
				CLANG_WARN_COMMA = YES;
				CLANG_WARN_CONSTANT_CONVERSION = YES;
				CLANG_WARN_DEPRECATED_OBJC_IMPLEMENTATIONS = YES;
				CLANG_WARN_DIRECT_OBJC_ISA_USAGE = YES_ERROR;
				CLANG_WARN_DOCUMENTATION_COMMENTS = YES;
				CLANG_WARN_EMPTY_BODY = YES;
				CLANG_WARN_ENUM_CONVERSION = YES;
				CLANG_WARN_INFINITE_RECURSION = YES;
				CLANG_WARN_INT_CONVERSION = YES;
				CLANG_WARN_NON_LITERAL_NULL_CONVERSION = YES;
				CLANG_WARN_OBJC_IMPLICIT_RETAIN_SELF = YES;
				CLANG_WARN_OBJC_LITERAL_CONVERSION = YES;
				CLANG_WARN_OBJC_ROOT_CLASS = YES_ERROR;
				CLANG_WARN_QUOTED_INCLUDE_IN_FRAMEWORK_HEADER = YES;
				CLANG_WARN_RANGE_LOOP_ANALYSIS = YES;
				CLANG_WARN_STRICT_PROTOTYPES = YES;
				CLANG_WARN_SUSPICIOUS_MOVE = YES;
				CLANG_WARN_UNGUARDED_AVAILABILITY = YES_AGGRESSIVE;
				CLANG_WARN_UNREACHABLE_CODE = YES;
				CLANG_WARN__DUPLICATE_METHOD_MATCH = YES;
				COPY_PHASE_STRIP = NO;
				DEBUG_INFORMATION_FORMAT = dwarf;
				ENABLE_STRICT_OBJC_MSGSEND = YES;
				ENABLE_TESTABILITY = YES;
				GCC_C_LANGUAGE_STANDARD = gnu11;
				GCC_DYNAMIC_NO_PIC = NO;
				GCC_NO_COMMON_BLOCKS = YES;
				GCC_OPTIMIZATION_LEVEL = 0;
				GCC_PREPROCESSOR_DEFINITIONS = (
					"DEBUG=1",
					"$(inherited)",
				);
				GCC_WARN_64_TO_32_BIT_CONVERSION = YES;
				GCC_WARN_ABOUT_RETURN_TYPE = YES_ERROR;
				GCC_WARN_UNDECLARED_SELECTOR = YES;
				GCC_WARN_UNINITIALIZED_AUTOS = YES_AGGRESSIVE;
				GCC_WARN_UNUSED_FUNCTION = YES;
				GCC_WARN_UNUSED_VARIABLE = YES;
				IPHONEOS_DEPLOYMENT_TARGET = 16.2;
				MTL_ENABLE_DEBUG_INFO = INCLUDE_SOURCE;
				MTL_FAST_MATH = YES;
				ONLY_ACTIVE_ARCH = YES;
				SDKROOT = iphoneos;
				SWIFT_ACTIVE_COMPILATION_CONDITIONS = DEBUG;
				SWIFT_OPTIMIZATION_LEVEL = "-Onone";
			};
			name = Debug;
		};
		034D28402AAA6A750066F474 /* Release */ = {
			isa = XCBuildConfiguration;
			buildSettings = {
				ALWAYS_SEARCH_USER_PATHS = NO;
				CLANG_ANALYZER_NONNULL = YES;
				CLANG_ANALYZER_NUMBER_OBJECT_CONVERSION = YES_AGGRESSIVE;
				CLANG_CXX_LANGUAGE_STANDARD = "gnu++20";
				CLANG_ENABLE_MODULES = YES;
				CLANG_ENABLE_OBJC_ARC = YES;
				CLANG_ENABLE_OBJC_WEAK = YES;
				CLANG_WARN_BLOCK_CAPTURE_AUTORELEASING = YES;
				CLANG_WARN_BOOL_CONVERSION = YES;
				CLANG_WARN_COMMA = YES;
				CLANG_WARN_CONSTANT_CONVERSION = YES;
				CLANG_WARN_DEPRECATED_OBJC_IMPLEMENTATIONS = YES;
				CLANG_WARN_DIRECT_OBJC_ISA_USAGE = YES_ERROR;
				CLANG_WARN_DOCUMENTATION_COMMENTS = YES;
				CLANG_WARN_EMPTY_BODY = YES;
				CLANG_WARN_ENUM_CONVERSION = YES;
				CLANG_WARN_INFINITE_RECURSION = YES;
				CLANG_WARN_INT_CONVERSION = YES;
				CLANG_WARN_NON_LITERAL_NULL_CONVERSION = YES;
				CLANG_WARN_OBJC_IMPLICIT_RETAIN_SELF = YES;
				CLANG_WARN_OBJC_LITERAL_CONVERSION = YES;
				CLANG_WARN_OBJC_ROOT_CLASS = YES_ERROR;
				CLANG_WARN_QUOTED_INCLUDE_IN_FRAMEWORK_HEADER = YES;
				CLANG_WARN_RANGE_LOOP_ANALYSIS = YES;
				CLANG_WARN_STRICT_PROTOTYPES = YES;
				CLANG_WARN_SUSPICIOUS_MOVE = YES;
				CLANG_WARN_UNGUARDED_AVAILABILITY = YES_AGGRESSIVE;
				CLANG_WARN_UNREACHABLE_CODE = YES;
				CLANG_WARN__DUPLICATE_METHOD_MATCH = YES;
				COPY_PHASE_STRIP = NO;
				DEBUG_INFORMATION_FORMAT = "dwarf-with-dsym";
				ENABLE_NS_ASSERTIONS = NO;
				ENABLE_STRICT_OBJC_MSGSEND = YES;
				GCC_C_LANGUAGE_STANDARD = gnu11;
				GCC_NO_COMMON_BLOCKS = YES;
				GCC_WARN_64_TO_32_BIT_CONVERSION = YES;
				GCC_WARN_ABOUT_RETURN_TYPE = YES_ERROR;
				GCC_WARN_UNDECLARED_SELECTOR = YES;
				GCC_WARN_UNINITIALIZED_AUTOS = YES_AGGRESSIVE;
				GCC_WARN_UNUSED_FUNCTION = YES;
				GCC_WARN_UNUSED_VARIABLE = YES;
				IPHONEOS_DEPLOYMENT_TARGET = 16.2;
				MTL_ENABLE_DEBUG_INFO = NO;
				MTL_FAST_MATH = YES;
				SDKROOT = iphoneos;
				SWIFT_COMPILATION_MODE = wholemodule;
				SWIFT_OPTIMIZATION_LEVEL = "-O";
				VALIDATE_PRODUCT = YES;
			};
			name = Release;
		};
		034D28422AAA6A750066F474 /* Debug */ = {
			isa = XCBuildConfiguration;
			baseConfigurationReference = 56956A29352A26B907D3B981 /* Pods-BostaTask.debug.xcconfig */;
			buildSettings = {
				ASSETCATALOG_COMPILER_APPICON_NAME = AppIcon;
				ASSETCATALOG_COMPILER_GLOBAL_ACCENT_COLOR_NAME = AccentColor;
				CODE_SIGN_STYLE = Automatic;
				CURRENT_PROJECT_VERSION = 1;
				DEVELOPMENT_TEAM = B4687NNSQQ;
				GENERATE_INFOPLIST_FILE = YES;
				INFOPLIST_FILE = BostaTask/Info.plist;
				INFOPLIST_KEY_UIApplicationSupportsIndirectInputEvents = YES;
				INFOPLIST_KEY_UILaunchStoryboardName = LaunchScreen;
				INFOPLIST_KEY_UIMainStoryboardFile = Main;
				INFOPLIST_KEY_UISupportedInterfaceOrientations_iPad = "UIInterfaceOrientationPortrait UIInterfaceOrientationPortraitUpsideDown UIInterfaceOrientationLandscapeLeft UIInterfaceOrientationLandscapeRight";
				INFOPLIST_KEY_UISupportedInterfaceOrientations_iPhone = "UIInterfaceOrientationPortrait UIInterfaceOrientationLandscapeLeft UIInterfaceOrientationLandscapeRight";
				IPHONEOS_DEPLOYMENT_TARGET = 16.1;
				LD_RUNPATH_SEARCH_PATHS = (
					"$(inherited)",
					"@executable_path/Frameworks",
				);
				MARKETING_VERSION = 1.0;
				PRODUCT_BUNDLE_IDENTIFIER = com.BostaTask;
				PRODUCT_NAME = "$(TARGET_NAME)";
				SWIFT_EMIT_LOC_STRINGS = YES;
				SWIFT_VERSION = 5.0;
				TARGETED_DEVICE_FAMILY = "1,2";
			};
			name = Debug;
		};
		034D28432AAA6A750066F474 /* Release */ = {
			isa = XCBuildConfiguration;
			baseConfigurationReference = F2FBE1E91A42077E1E19154B /* Pods-BostaTask.release.xcconfig */;
			buildSettings = {
				ASSETCATALOG_COMPILER_APPICON_NAME = AppIcon;
				ASSETCATALOG_COMPILER_GLOBAL_ACCENT_COLOR_NAME = AccentColor;
				CODE_SIGN_STYLE = Automatic;
				CURRENT_PROJECT_VERSION = 1;
				DEVELOPMENT_TEAM = B4687NNSQQ;
				GENERATE_INFOPLIST_FILE = YES;
				INFOPLIST_FILE = BostaTask/Info.plist;
				INFOPLIST_KEY_UIApplicationSupportsIndirectInputEvents = YES;
				INFOPLIST_KEY_UILaunchStoryboardName = LaunchScreen;
				INFOPLIST_KEY_UIMainStoryboardFile = Main;
				INFOPLIST_KEY_UISupportedInterfaceOrientations_iPad = "UIInterfaceOrientationPortrait UIInterfaceOrientationPortraitUpsideDown UIInterfaceOrientationLandscapeLeft UIInterfaceOrientationLandscapeRight";
				INFOPLIST_KEY_UISupportedInterfaceOrientations_iPhone = "UIInterfaceOrientationPortrait UIInterfaceOrientationLandscapeLeft UIInterfaceOrientationLandscapeRight";
				IPHONEOS_DEPLOYMENT_TARGET = 16.1;
				LD_RUNPATH_SEARCH_PATHS = (
					"$(inherited)",
					"@executable_path/Frameworks",
				);
				MARKETING_VERSION = 1.0;
				PRODUCT_BUNDLE_IDENTIFIER = com.BostaTask;
				PRODUCT_NAME = "$(TARGET_NAME)";
				SWIFT_EMIT_LOC_STRINGS = YES;
				SWIFT_VERSION = 5.0;
				TARGETED_DEVICE_FAMILY = "1,2";
			};
			name = Release;
		};
/* End XCBuildConfiguration section */

/* Begin XCConfigurationList section */
		034D28282AAA6A730066F474 /* Build configuration list for PBXProject "BostaTask" */ = {
			isa = XCConfigurationList;
			buildConfigurations = (
				034D283F2AAA6A750066F474 /* Debug */,
				034D28402AAA6A750066F474 /* Release */,
			);
			defaultConfigurationIsVisible = 0;
			defaultConfigurationName = Release;
		};
		034D28412AAA6A750066F474 /* Build configuration list for PBXNativeTarget "BostaTask" */ = {
			isa = XCConfigurationList;
			buildConfigurations = (
				034D28422AAA6A750066F474 /* Debug */,
				034D28432AAA6A750066F474 /* Release */,
			);
			defaultConfigurationIsVisible = 0;
			defaultConfigurationName = Release;
		};
/* End XCConfigurationList section */
	};
	rootObject = 034D28252AAA6A730066F474 /* Project object */;
}
